
Microsoft Visual Studio Solution File, Format Version 12.00
# Visual Studio Version 16
VisualStudioVersion = 16.0.29806.167
MinimumVisualStudioVersion = 10.0.40219.1
Project("{FAE04EC0-301F-11D3-BF4B-00C04F79EFBC}") = "DataStructures", "DataStructures\DataStructures.csproj", "{BBFC0D27-1A0F-42C5-8406-CA81AFA3265F}"
EndProject
Global
	GlobalSection(SolutionConfigurationPlatforms) = preSolution
		Debug|Any CPU = Debug|Any CPU
		Release|Any CPU = Release|Any CPU
	EndGlobalSection
	GlobalSection(ProjectConfigurationPlatforms) = postSolution
		{BBFC0D27-1A0F-42C5-8406-CA81AFA3265F}.Debug|Any CPU.ActiveCfg = Debug|Any CPU
		{BBFC0D27-1A0F-42C5-8406-CA81AFA3265F}.Debug|Any CPU.Build.0 = Debug|Any CPU
		{BBFC0D27-1A0F-42C5-8406-CA81AFA3265F}.Release|Any CPU.ActiveCfg = Release|Any CPU
		{BBFC0D27-1A0F-42C5-8406-CA81AFA3265F}.Release|Any CPU.Build.0 = Release|Any CPU
	EndGlobalSection
	GlobalSection(SolutionProperties) = preSolution
		HideSolutionNode = FALSE
	EndGlobalSection
	GlobalSection(ExtensibilityGlobals) = postSolution
		SolutionGuid = {D2C44907-BD3B-45A7-94CE-1B6423598166}
	EndGlobalSection
EndGlobal
